
Microsoft Visual Studio Solution File, Format Version 12.00
# Visual Studio Version 17
VisualStudioVersion = 17.5.002.0
MinimumVisualStudioVersion = 10.0.40219.1
Project("{9A19103F-16F7-4668-BE54-9A1E7A4F7556}") = "Exercise 25", "Exercise 25.csproj", "{D5CA50ED-384B-431E-88DE-21D584F48587}"
EndProject
Global
	GlobalSection(SolutionConfigurationPlatforms) = preSolution
		Debug|Any CPU = Debug|Any CPU
		Release|Any CPU = Release|Any CPU
	EndGlobalSection
	GlobalSection(ProjectConfigurationPlatforms) = postSolution
		{D5CA50ED-384B-431E-88DE-21D584F48587}.Debug|Any CPU.ActiveCfg = Debug|Any CPU
		{D5CA50ED-384B-431E-88DE-21D584F48587}.Debug|Any CPU.Build.0 = Debug|Any CPU
		{D5CA50ED-384B-431E-88DE-21D584F48587}.Release|Any CPU.ActiveCfg = Release|Any CPU
		{D5CA50ED-384B-431E-88DE-21D584F48587}.Release|Any CPU.Build.0 = Release|Any CPU
	EndGlobalSection
	GlobalSection(SolutionProperties) = preSolution
		HideSolutionNode = FALSE
	EndGlobalSection
	GlobalSection(ExtensibilityGlobals) = postSolution
		SolutionGuid = {E768CC10-DC2A-4551-BF1F-3DFAB7736921}
	EndGlobalSection
EndGlobal
